
Microsoft Visual Studio Solution File, Format Version 12.00
# Visual Studio Version 17
VisualStudioVersion = 17.0.31903.59
MinimumVisualStudioVersion = 10.0.40219.1
Project("{FAE04EC0-301F-11D3-BF4B-00C04F79EFBC}") = "Fight", "Fight\Fight.csproj", "{10EFDAF3-CF68-4B66-A117-6D06C86E3999}"
EndProject
Global
	GlobalSection(SolutionConfigurationPlatforms) = preSolution
		Debug|Any CPU = Debug|Any CPU
		Release|Any CPU = Release|Any CPU
	EndGlobalSection
	GlobalSection(SolutionProperties) = preSolution
		HideSolutionNode = FALSE
	EndGlobalSection
	GlobalSection(ProjectConfigurationPlatforms) = postSolution
		{10EFDAF3-CF68-4B66-A117-6D06C86E3999}.Debug|Any CPU.ActiveCfg = Debug|Any CPU
		{10EFDAF3-CF68-4B66-A117-6D06C86E3999}.Debug|Any CPU.Build.0 = Debug|Any CPU
		{10EFDAF3-CF68-4B66-A117-6D06C86E3999}.Release|Any CPU.ActiveCfg = Release|Any CPU
		{10EFDAF3-CF68-4B66-A117-6D06C86E3999}.Release|Any CPU.Build.0 = Release|Any CPU
	EndGlobalSection
EndGlobal
